
Microsoft Visual Studio Solution File, Format Version 12.00
# Visual Studio Version 17
VisualStudioVersion = 17.5.33424.131
MinimumVisualStudioVersion = 10.0.40219.1
Project("{9A19103F-16F7-4668-BE54-9A1E7A4F7556}") = "Uni78", "Uni78\Uni78.csproj", "{25F6AACF-A13D-4A5C-A2BA-FA8A7B3425D8}"
EndProject
Project("{FAE04EC0-301F-11D3-BF4B-00C04F79EFBC}") = "FirmwareScanner", "FirmwareScanner\FirmwareScanner.csproj", "{E0E2A8B4-3C69-4A08-BA1A-E2EB593405FB}"
EndProject
Project("{FAE04EC0-301F-11D3-BF4B-00C04F79EFBC}") = "DamosCSVParser", "DamosCSVParser\DamosCSVParser.csproj", "{A7464700-9AC6-4516-A3C8-D52AE1D1506D}"
EndProject
Global
	GlobalSection(SolutionConfigurationPlatforms) = preSolution
		Debug|Any CPU = Debug|Any CPU
		Release|Any CPU = Release|Any CPU
	EndGlobalSection
	GlobalSection(ProjectConfigurationPlatforms) = postSolution
		{25F6AACF-A13D-4A5C-A2BA-FA8A7B3425D8}.Debug|Any CPU.ActiveCfg = Debug|Any CPU
		{25F6AACF-A13D-4A5C-A2BA-FA8A7B3425D8}.Debug|Any CPU.Build.0 = Debug|Any CPU
		{25F6AACF-A13D-4A5C-A2BA-FA8A7B3425D8}.Release|Any CPU.ActiveCfg = Release|Any CPU
		{25F6AACF-A13D-4A5C-A2BA-FA8A7B3425D8}.Release|Any CPU.Build.0 = Release|Any CPU
		{E0E2A8B4-3C69-4A08-BA1A-E2EB593405FB}.Debug|Any CPU.ActiveCfg = Debug|Any CPU
		{E0E2A8B4-3C69-4A08-BA1A-E2EB593405FB}.Debug|Any CPU.Build.0 = Debug|Any CPU
		{E0E2A8B4-3C69-4A08-BA1A-E2EB593405FB}.Release|Any CPU.ActiveCfg = Release|Any CPU
		{E0E2A8B4-3C69-4A08-BA1A-E2EB593405FB}.Release|Any CPU.Build.0 = Release|Any CPU
		{A7464700-9AC6-4516-A3C8-D52AE1D1506D}.Debug|Any CPU.ActiveCfg = Debug|Any CPU
		{A7464700-9AC6-4516-A3C8-D52AE1D1506D}.Debug|Any CPU.Build.0 = Debug|Any CPU
		{A7464700-9AC6-4516-A3C8-D52AE1D1506D}.Release|Any CPU.ActiveCfg = Release|Any CPU
		{A7464700-9AC6-4516-A3C8-D52AE1D1506D}.Release|Any CPU.Build.0 = Release|Any CPU
	EndGlobalSection
	GlobalSection(SolutionProperties) = preSolution
		HideSolutionNode = FALSE
	EndGlobalSection
	GlobalSection(ExtensibilityGlobals) = postSolution
		SolutionGuid = {37CB0717-352B-4D25-B049-581EC360DF5D}
	EndGlobalSection
EndGlobal
